PODS:
  - AlipaySDK-iOS (15.8.16)
  - Braintree (5.26.0):
    - Braintree/Card (= 5.26.0)
    - Braintree/Core (= 5.26.0)
    - Braintree/PayPal (= 5.26.0)
  - Braintree/ApplePay (5.26.0):
    - Braintree/Core
  - Braintree/Card (5.26.0):
    - Braintree/Core
  - Braintree/Core (5.26.0)
  - Braintree/PaymentFlow (5.26.0):
    - Braintree/Core
    - Braintree/PayPalDataCollector
  - Braintree/PayPal (5.26.0):
    - Braintree/Core
    - Braintree/PayPalDataCollector
  - Braintree/PayPalDataCollector (5.26.0)
  - Braintree/ThreeDSecure (5.26.0):
    - Braintree/Card
    - Braintree/PaymentFlow
  - Braintree/UnionPay (5.26.0):
    - Braintree/Card
  - Braintree/Venmo (5.26.0):
    - Braintree/Core
  - BraintreeDropIn (9.8.2):
    - Braintree/ApplePay (~> 5.19)
    - Braintree/Card (~> 5.19)
    - Braintree/Core (~> 5.19)
    - Braintree/PayPal (~> 5.19)
    - Braintree/ThreeDSecure (~> 5.19)
    - Braintree/UnionPay (~> 5.19)
    - Braintree/Venmo (~> 5.19)
  - CashAppPayKit (0.6.1)
  - Pockyt/Alipay (0.5.0):
    - AlipaySDK-iOS (~> 15.8.11)
    - Pockyt/Core
  - Pockyt/ApplePay (0.5.0):
    - Braintree/ApplePay (~> 5.26.0)
    - Pockyt/Core
  - Pockyt/CardPal (0.5.0):
    - Braintree (~> 5.26.0)
    - Pockyt/Core
  - Pockyt/CashApp (0.5.0):
    - CashAppPayKit (~> 0.6.1)
    - Pockyt/Core
  - Pockyt/Core (0.5.0)
  - Pockyt/DataCollect (0.5.0):
    - Braintree/PayPalDataCollector (~> 5.26.0)
    - Pockyt/Core
  - Pockyt/DropIn (0.5.0):
    - BraintreeDropIn (~> 9.8.0)
    - Pockyt/Core
  - Pockyt/ThreeDSecure (0.5.0):
    - Braintree/ThreeDSecure (~> 5.26.0)
    - Pockyt/Core
  - Pockyt/Venmo (0.5.0):
    - Braintree/Venmo (~> 5.26.0)
    - Pockyt/Core
  - Pockyt/WechatPay (0.5.0):
    - Pockyt/Core
    - WechatOpenSDK-XCFramework (~> 2.0.2)
  - WechatOpenSDK-XCFramework (2.0.4)

DEPENDENCIES:
  - Pockyt/Alipay (from `../`)
  - Pockyt/ApplePay (from `../`)
  - Pockyt/CardPal (from `../`)
  - Pockyt/CashApp (from `../`)
  - Pockyt/DataCollect (from `../`)
  - Pockyt/DropIn (from `../`)
  - Pockyt/ThreeDSecure (from `../`)
  - Pockyt/Venmo (from `../`)
  - Pockyt/WechatPay (from `../`)

SPEC REPOS:
  trunk:
    - AlipaySDK-iOS
    - Braintree
    - BraintreeDropIn
    - CashAppPayKit
    - WechatOpenSDK-XCFramework

EXTERNAL SOURCES:
  Pockyt:
    :path: "../"

SPEC CHECKSUMS:
  AlipaySDK-iOS: 5e6011fbd546e7db6b43c1f527d164ee63f3d7cb
  Braintree: 53d39d5349a6316dc455b03334e869f43d6b51bd
  BraintreeDropIn: 3d53945d1c0a2d050f094bbad7596e9f65a6993a
  CashAppPayKit: b1c25556eebb1237d9e7f391106fea4da2fc6c39
  Pockyt: 419f0c9c8ca2d6f75215c998766b6f9148f50122
  WechatOpenSDK-XCFramework: 36fb2bea0754266c17184adf4963d7e6ff98b69f

PODFILE CHECKSUM: 50cf5f17110a5a17498d77d0523a80fd87c26630

COCOAPODS: 1.15.2
