PODS:
  - AlipaySDK-iOS (15.8.16)
  - Braintree (5.26.0):
    - Braintree/Card (= 5.26.0)
    - Braintree/Core (= 5.26.0)
    - Braintree/PayPal (= 5.26.0)
  - Braintree/ApplePay (5.26.0):
    - Braintree/Core
  - Braintree/Card (5.26.0):
    - Braintree/Core
  - Braintree/Core (5.26.0)
  - Braintree/PaymentFlow (5.26.0):
    - Braintree/Core
    - Braintree/PayPalDataCollector
  - Braintree/PayPal (5.26.0):
    - Braintree/Core
    - Braintree/PayPalDataCollector
  - Braintree/PayPalDataCollector (5.26.0)
  - Braintree/ThreeDSecure (5.26.0):
    - Braintree/Card
    - Braintree/PaymentFlow
  - Braintree/UnionPay (5.26.0):
    - Braintree/Card
  - Braintree/Venmo (5.26.0):
    - Braintree/Core
  - BraintreeDropIn (9.8.2):
    - Braintree/ApplePay (~> 5.19)
    - Braintree/Card (~> 5.19)
    - Braintree/Core (~> 5.19)
    - Braintree/PayPal (~> 5.19)
    - Braintree/ThreeDSecure (~> 5.19)
    - Braintree/UnionPay (~> 5.19)
    - Braintree/Venmo (~> 5.19)
  - Pockyt/Alipay (0.1.0):
    - AlipaySDK-iOS (~> 15.8.11)
    - Pockyt/Core
  - Pockyt/ApplePay (0.1.0):
    - Braintree/ApplePay (~> 5.26.0)
    - Pockyt/Core
  - Pockyt/CardPal (0.1.0):
    - Braintree (~> 5.26.0)
    - Pockyt/Core
  - Pockyt/Core (0.1.0)
  - Pockyt/DataCollect (0.1.0):
    - Braintree/PayPalDataCollector (~> 5.26.0)
    - Pockyt/Core
  - Pockyt/DropIn (0.1.0):
    - BraintreeDropIn (~> 9.8.0)
    - Pockyt/Core
  - Pockyt/ThreeDSecure (0.1.0):
    - Braintree/ThreeDSecure (~> 5.26.0)
    - Pockyt/Core
  - Pockyt/Venmo (0.1.0):
    - Braintree/Venmo (~> 5.26.0)
    - Pockyt/Core
  - Pockyt/WechatPay (0.1.0):
    - Pockyt/Core
    - WechatOpenSDK-XCFramework (~> 2.0.2)
  - WechatOpenSDK-XCFramework (2.0.4)

DEPENDENCIES:
  - Pockyt/Alipay (from `../`)
  - Pockyt/ApplePay (from `../`)
  - Pockyt/CardPal (from `../`)
  - Pockyt/DataCollect (from `../`)
  - Pockyt/DropIn (from `../`)
  - Pockyt/ThreeDSecure (from `../`)
  - Pockyt/Venmo (from `../`)
  - Pockyt/WechatPay (from `../`)

SPEC REPOS:
  trunk:
    - AlipaySDK-iOS
    - Braintree
    - BraintreeDropIn
    - WechatOpenSDK-XCFramework

EXTERNAL SOURCES:
  Pockyt:
    :path: "../"

SPEC CHECKSUMS:
  AlipaySDK-iOS: 5e6011fbd546e7db6b43c1f527d164ee63f3d7cb
  Braintree: 53d39d5349a6316dc455b03334e869f43d6b51bd
  BraintreeDropIn: 3d53945d1c0a2d050f094bbad7596e9f65a6993a
  Pockyt: 6366577a2d420a83f844fcd0a8f3a9615e5b6d02
  WechatOpenSDK-XCFramework: 36fb2bea0754266c17184adf4963d7e6ff98b69f

PODFILE CHECKSUM: e622f7d5bcaacb4595fe2daed3775e4cadb79139

COCOAPODS: 1.15.2
